
Microsoft Visual Studio Solution File, Format Version 12.00
# Visual Studio Version 17
VisualStudioVersion = 17.5.002.0
MinimumVisualStudioVersion = 10.0.40219.1
Project("{9A19103F-16F7-4668-BE54-9A1E7A4F7556}") = "DotNetTDD", "DotNetTDD.csproj", "{D1F43662-8009-4ADB-92E2-92D028FBF62E}"
EndProject
Project("{FAE04EC0-301F-11D3-BF4B-00C04F79EFBC}") = "tests", "..\tests\tests.csproj", "{09DBDD76-9343-440F-80ED-F8F3420434E6}"
EndProject
Global
	GlobalSection(SolutionConfigurationPlatforms) = preSolution
		Debug|Any CPU = Debug|Any CPU
		Release|Any CPU = Release|Any CPU
	EndGlobalSection
	GlobalSection(ProjectConfigurationPlatforms) = postSolution
		{D1F43662-8009-4ADB-92E2-92D028FBF62E}.Debug|Any CPU.ActiveCfg = Debug|Any CPU
		{D1F43662-8009-4ADB-92E2-92D028FBF62E}.Debug|Any CPU.Build.0 = Debug|Any CPU
		{D1F43662-8009-4ADB-92E2-92D028FBF62E}.Release|Any CPU.ActiveCfg = Release|Any CPU
		{D1F43662-8009-4ADB-92E2-92D028FBF62E}.Release|Any CPU.Build.0 = Release|Any CPU
		{09DBDD76-9343-440F-80ED-F8F3420434E6}.Debug|Any CPU.ActiveCfg = Debug|Any CPU
		{09DBDD76-9343-440F-80ED-F8F3420434E6}.Debug|Any CPU.Build.0 = Debug|Any CPU
		{09DBDD76-9343-440F-80ED-F8F3420434E6}.Release|Any CPU.ActiveCfg = Release|Any CPU
		{09DBDD76-9343-440F-80ED-F8F3420434E6}.Release|Any CPU.Build.0 = Release|Any CPU
	EndGlobalSection
	GlobalSection(SolutionProperties) = preSolution
		HideSolutionNode = FALSE
	EndGlobalSection
	GlobalSection(ExtensibilityGlobals) = postSolution
		SolutionGuid = {950CC16D-A15F-43C0-B216-84AFC2CA3EA3}
	EndGlobalSection
EndGlobal
